
Microsoft Visual Studio Solution File, Format Version 12.00
# Visual Studio Version 16
VisualStudioVersion = 16.0.29926.136
MinimumVisualStudioVersion = 10.0.40219.1
Project("{888888A0-9F3D-457C-B088-3A5042F75D52}") = "fifo", "fifo\fifo.pyproj", "{88D9F88C-7A0F-4F80-8C5B-739AEECFC2D0}"
EndProject
Global
	GlobalSection(SolutionConfigurationPlatforms) = preSolution
		Debug|Any CPU = Debug|Any CPU
		Release|Any CPU = Release|Any CPU
	EndGlobalSection
	GlobalSection(ProjectConfigurationPlatforms) = postSolution
		{88D9F88C-7A0F-4F80-8C5B-739AEECFC2D0}.Debug|Any CPU.ActiveCfg = Debug|Any CPU
		{88D9F88C-7A0F-4F80-8C5B-739AEECFC2D0}.Release|Any CPU.ActiveCfg = Release|Any CPU
	EndGlobalSection
	GlobalSection(SolutionProperties) = preSolution
		HideSolutionNode = FALSE
	EndGlobalSection
	GlobalSection(ExtensibilityGlobals) = postSolution
		SolutionGuid = {27DC7B2B-4CAC-4A70-8D12-DD1194408FE6}
	EndGlobalSection
EndGlobal
